
Microsoft Visual Studio Solution File, Format Version 12.00
# Visual Studio 15
VisualStudioVersion = 15.0.27428.2015
MinimumVisualStudioVersion = 10.0.40219.1
Project("{FAE04EC0-301F-11D3-BF4B-00C04F79EFBC}") = "ConfigurationManager", "ConfigurationManager\ConfigurationManager.csproj", "{3096C45F-22B9-47EF-A241-8A8517673D3F}"
EndProject
Project("{2150E333-8FDC-42A3-9474-1A3956D46DE8}") = "Solution Items", "Solution Items", "{FD0F7D13-42D5-4B6F-B000-C1A394B48FDD}"
	ProjectSection(SolutionItems) = preProject
		README.md = README.md
	EndProjectSection
EndProject
Global
	GlobalSection(SolutionConfigurationPlatforms) = preSolution
		Debug|Any CPU = Debug|Any CPU
		Release|Any CPU = Release|Any CPU
	EndGlobalSection
	GlobalSection(ProjectConfigurationPlatforms) = postSolution
		{3096C45F-22B9-47EF-A241-8A8517673D3F}.Debug|Any CPU.ActiveCfg = Debug|Any CPU
		{3096C45F-22B9-47EF-A241-8A8517673D3F}.Debug|Any CPU.Build.0 = Debug|Any CPU
		{3096C45F-22B9-47EF-A241-8A8517673D3F}.Release|Any CPU.ActiveCfg = Release|Any CPU
		{3096C45F-22B9-47EF-A241-8A8517673D3F}.Release|Any CPU.Build.0 = Release|Any CPU
	EndGlobalSection
	GlobalSection(SolutionProperties) = preSolution
		HideSolutionNode = FALSE
	EndGlobalSection
	GlobalSection(ExtensibilityGlobals) = postSolution
		SolutionGuid = {DD06DD5A-C5D8-4420-8EF2-BFB085052490}
	EndGlobalSection
EndGlobal
